
Microsoft Visual Studio Solution File, Format Version 12.00
# Visual Studio Version 17
VisualStudioVersion = 17.5.002.0
MinimumVisualStudioVersion = 10.0.40219.1
Project("{9A19103F-16F7-4668-BE54-9A1E7A4F7556}") = "PaymentAPI", "PaymentAPI.csproj", "{844680E3-72DF-48D4-9F46-73D0115DBC14}"
EndProject
Global
	GlobalSection(SolutionConfigurationPlatforms) = preSolution
		Debug|Any CPU = Debug|Any CPU
		Release|Any CPU = Release|Any CPU
	EndGlobalSection
	GlobalSection(ProjectConfigurationPlatforms) = postSolution
		{844680E3-72DF-48D4-9F46-73D0115DBC14}.Debug|Any CPU.ActiveCfg = Debug|Any CPU
		{844680E3-72DF-48D4-9F46-73D0115DBC14}.Debug|Any CPU.Build.0 = Debug|Any CPU
		{844680E3-72DF-48D4-9F46-73D0115DBC14}.Release|Any CPU.ActiveCfg = Release|Any CPU
		{844680E3-72DF-48D4-9F46-73D0115DBC14}.Release|Any CPU.Build.0 = Release|Any CPU
	EndGlobalSection
	GlobalSection(SolutionProperties) = preSolution
		HideSolutionNode = FALSE
	EndGlobalSection
	GlobalSection(ExtensibilityGlobals) = postSolution
		SolutionGuid = {79B5A6ED-D9D8-47F9-871E-3D38FBE1138D}
	EndGlobalSection
EndGlobal
